
Microsoft Visual Studio Solution File, Format Version 12.00
# Visual Studio Version 17
VisualStudioVersion = 17.6.33801.468
MinimumVisualStudioVersion = 10.0.40219.1
Project("{FAE04EC0-301F-11D3-BF4B-00C04F79EFBC}") = "MO.DA.FORM", "MO.DA.FORM\MO.DA.FORM.csproj", "{6E0E3F0A-7A17-4435-981F-816017BCCE2A}"
EndProject
Global
	GlobalSection(SolutionConfigurationPlatforms) = preSolution
		Debug|Any CPU = Debug|Any CPU
		Release|Any CPU = Release|Any CPU
	EndGlobalSection
	GlobalSection(ProjectConfigurationPlatforms) = postSolution
		{6E0E3F0A-7A17-4435-981F-816017BCCE2A}.Debug|Any CPU.ActiveCfg = Debug|Any CPU
		{6E0E3F0A-7A17-4435-981F-816017BCCE2A}.Debug|Any CPU.Build.0 = Debug|Any CPU
		{6E0E3F0A-7A17-4435-981F-816017BCCE2A}.Release|Any CPU.ActiveCfg = Release|Any CPU
		{6E0E3F0A-7A17-4435-981F-816017BCCE2A}.Release|Any CPU.Build.0 = Release|Any CPU
	EndGlobalSection
	GlobalSection(SolutionProperties) = preSolution
		HideSolutionNode = FALSE
	EndGlobalSection
	GlobalSection(ExtensibilityGlobals) = postSolution
		SolutionGuid = {D10B2525-A689-4997-A1D7-CDFA51F042EA}
	EndGlobalSection
EndGlobal
